// !$*UTF8*$!
{
	archiveVersion = 1;
	classes = {
	};
	objectVersion = 48;
	objects = {

/* Begin PBXBuildFile section */
		C5081C7E1F679F7800B3DDD8 /* DemoContacts.plist in Resources */ = {isa = PBXBuildFile; fileRef = C5081C7D1F679EF700B3DDD8 /* DemoContacts.plist */; };
		C52513291F65C705005E1763 /* AppDelegate.swift in Sources */ = {isa = PBXBuildFile; fileRef = C52513281F65C705005E1763 /* AppDelegate.swift */; };
		C525132B1F65C705005E1763 /* MasterViewController.swift in Sources */ = {isa = PBXBuildFile; fileRef = C525132A1F65C705005E1763 /* MasterViewController.swift */; };
		C525132D1F65C705005E1763 /* DetailViewController.swift in Sources */ = {isa = PBXBuildFile; fileRef = C525132C1F65C705005E1763 /* DetailViewController.swift */; };
		C52513301F65C705005E1763 /* Main.storyboard in Resources */ = {isa = PBXBuildFile; fileRef = C525132E1F65C705005E1763 /* Main.storyboard */; };
		C52513321F65C705005E1763 /* Assets.xcassets in Resources */ = {isa = PBXBuildFile; fileRef = C52513311F65C705005E1763 /* Assets.xcassets */; };
		C52513351F65C705005E1763 /* LaunchScreen.storyboard in Resources */ = {isa = PBXBuildFile; fileRef = C52513331F65C705005E1763 /* LaunchScreen.storyboard */; };
		C52513401F65C705005E1763 /* MyVC_DemoTests.swift in Sources */ = {isa = PBXBuildFile; fileRef = C525133F1F65C705005E1763 /* MyVC_DemoTests.swift */; };
		C525134B1F65C705005E1763 /* MyVC_DemoUITests.swift in Sources */ = {isa = PBXBuildFile; fileRef = C525134A1F65C705005E1763 /* MyVC_DemoUITests.swift */; };
		C525135D1F65CCDB005E1763 /* Telekinesis.framework in Frameworks */ = {isa = PBXBuildFile; fileRef = C525135C1F65CCDA005E1763 /* Telekinesis.framework */; };
		C525135E1F65CCDB005E1763 /* Telekinesis.framework in Embed Frameworks */ = {isa = PBXBuildFile; fileRef = C525135C1F65CCDA005E1763 /* Telekinesis.framework */; settings = {ATTRIBUTES = (CodeSignOnCopy, RemoveHeadersOnCopy, ); }; };
		C52513611F65CD2E005E1763 /* MyVCStylekit.swift in Sources */ = {isa = PBXBuildFile; fileRef = C52513601F65CD2D005E1763 /* MyVCStylekit.swift */; };
		C52513671F65CE50005E1763 /* AppModel.swift in Sources */ = {isa = PBXBuildFile; fileRef = C52513661F65CE50005E1763 /* AppModel.swift */; };
		C52513691F65CE63005E1763 /* ContactModel.swift in Sources */ = {isa = PBXBuildFile; fileRef = C52513681F65CE63005E1763 /* ContactModel.swift */; };
		C525136B1F65CE74005E1763 /* ContactGroupModel.swift in Sources */ = {isa = PBXBuildFile; fileRef = C525136A1F65CE74005E1763 /* ContactGroupModel.swift */; };
		C56D66731F6A08E3001F95A0 /* ContactFamilyName.swift in Sources */ = {isa = PBXBuildFile; fileRef = C56D66721F6A08E3001F95A0 /* ContactFamilyName.swift */; };
		C56D66751F6A0D7D001F95A0 /* ContactFullName.swift in Sources */ = {isa = PBXBuildFile; fileRef = C56D66741F6A0D7D001F95A0 /* ContactFullName.swift */; };
		C56D66771F6A1E80001F95A0 /* ContactTableCell.swift in Sources */ = {isa = PBXBuildFile; fileRef = C56D66761F6A1E80001F95A0 /* ContactTableCell.swift */; };
		C56D66791F6A2963001F95A0 /* ContactTableSource.swift in Sources */ = {isa = PBXBuildFile; fileRef = C56D66781F6A2963001F95A0 /* ContactTableSource.swift */; };
		C56D667B1F6A3283001F95A0 /* ContactCountDownView.swift in Sources */ = {isa = PBXBuildFile; fileRef = C56D667A1F6A3283001F95A0 /* ContactCountDownView.swift */; };
		C56EE7F01F6B3FF600248B0C /* ContactCountDownProgressView.swift in Sources */ = {isa = PBXBuildFile; fileRef = C56EE7EF1F6B3FF600248B0C /* ContactCountDownProgressView.swift */; };
		C5E8A0A11F682CDE00A2E6C0 /* MDKLayerViewDesignable.swift in Sources */ = {isa = PBXBuildFile; fileRef = C5E8A0A01F682CDE00A2E6C0 /* MDKLayerViewDesignable.swift */; };
		C5F699791F68B4F800051048 /* ContactSummaryView.swift in Sources */ = {isa = PBXBuildFile; fileRef = C5F699781F68B4F800051048 /* ContactSummaryView.swift */; };
		C5F6997B1F68B64D00051048 /* ContactGivenNameView.swift in Sources */ = {isa = PBXBuildFile; fileRef = C5F6997A1F68B64D00051048 /* ContactGivenNameView.swift */; };
/* End PBXBuildFile section */

/* Begin PBXContainerItemProxy section */
		C525133C1F65C705005E1763 /* PBXContainerItemProxy */ = {
			isa = PBXContainerItemProxy;
			containerPortal = C525131D1F65C705005E1763 /* Project object */;
			proxyType = 1;
			remoteGlobalIDString = C52513241F65C705005E1763;
			remoteInfo = "MyVC Demo";
		};
		C52513471F65C705005E1763 /* PBXContainerItemProxy */ = {
			isa = PBXContainerItemProxy;
			containerPortal = C525131D1F65C705005E1763 /* Project object */;
			proxyType = 1;
			remoteGlobalIDString = C52513241F65C705005E1763;
			remoteInfo = "MyVC Demo";
		};
/* End PBXContainerItemProxy section */

/* Begin PBXCopyFilesBuildPhase section */
		C525135F1F65CCDB005E1763 /* Embed Frameworks */ = {
			isa = PBXCopyFilesBuildPhase;
			buildActionMask = 2147483647;
			dstPath = "";
			dstSubfolderSpec = 10;
			files = (
				C525135E1F65CCDB005E1763 /* Telekinesis.framework in Embed Frameworks */,
			);
			name = "Embed Frameworks";
			runOnlyForDeploymentPostprocessing = 0;
		};
/* End PBXCopyFilesBuildPhase section */

/* Begin PBXFileReference section */
		C5081C7D1F679EF700B3DDD8 /* DemoContacts.plist */ = {isa = PBXFileReference; lastKnownFileType = text.plist.xml; path = DemoContacts.plist; sourceTree = "<group>"; };
		C52513251F65C705005E1763 /* MyVC Demo.app */ = {isa = PBXFileReference; explicitFileType = wrapper.application; includeInIndex = 0; path = "MyVC Demo.app"; sourceTree = BUILT_PRODUCTS_DIR; };
		C52513281F65C705005E1763 /* AppDelegate.swift */ = {isa = PBXFileReference; lastKnownFileType = sourcecode.swift; path = AppDelegate.swift; sourceTree = "<group>"; };
		C525132A1F65C705005E1763 /* MasterViewController.swift */ = {isa = PBXFileReference; lastKnownFileType = sourcecode.swift; path = MasterViewController.swift; sourceTree = "<group>"; };
		C525132C1F65C705005E1763 /* DetailViewController.swift */ = {isa = PBXFileReference; lastKnownFileType = sourcecode.swift; path = DetailViewController.swift; sourceTree = "<group>"; };
		C525132F1F65C705005E1763 /* Base */ = {isa = PBXFileReference; lastKnownFileType = file.storyboard; name = Base; path = Base.lproj/Main.storyboard; sourceTree = "<group>"; };
		C52513311F65C705005E1763 /* Assets.xcassets */ = {isa = PBXFileReference; lastKnownFileType = folder.assetcatalog; path = Assets.xcassets; sourceTree = "<group>"; };
		C52513341F65C705005E1763 /* Base */ = {isa = PBXFileReference; lastKnownFileType = file.storyboard; name = Base; path = Base.lproj/LaunchScreen.storyboard; sourceTree = "<group>"; };
		C52513361F65C705005E1763 /* Info.plist */ = {isa = PBXFileReference; lastKnownFileType = text.plist.xml; path = Info.plist; sourceTree = "<group>"; };
		C525133B1F65C705005E1763 /* MyVC DemoTests.xctest */ = {isa = PBXFileReference; explicitFileType = wrapper.cfbundle; includeInIndex = 0; path = "MyVC DemoTests.xctest"; sourceTree = BUILT_PRODUCTS_DIR; };
		C525133F1F65C705005E1763 /* MyVC_DemoTests.swift */ = {isa = PBXFileReference; lastKnownFileType = sourcecode.swift; path = MyVC_DemoTests.swift; sourceTree = "<group>"; };
		C52513411F65C705005E1763 /* Info.plist */ = {isa = PBXFileReference; lastKnownFileType = text.plist.xml; path = Info.plist; sourceTree = "<group>"; };
		C52513461F65C705005E1763 /* MyVC DemoUITests.xctest */ = {isa = PBXFileReference; explicitFileType = wrapper.cfbundle; includeInIndex = 0; path = "MyVC DemoUITests.xctest"; sourceTree = BUILT_PRODUCTS_DIR; };
		C525134A1F65C705005E1763 /* MyVC_DemoUITests.swift */ = {isa = PBXFileReference; lastKnownFileType = sourcecode.swift; path = MyVC_DemoUITests.swift; sourceTree = "<group>"; };
		C525134C1F65C705005E1763 /* Info.plist */ = {isa = PBXFileReference; lastKnownFileType = text.plist.xml; path = Info.plist; sourceTree = "<group>"; };
		C525135C1F65CCDA005E1763 /* Telekinesis.framework */ = {isa = PBXFileReference; lastKnownFileType = wrapper.framework; path = Telekinesis.framework; sourceTree = "<group>"; };
		C52513601F65CD2D005E1763 /* MyVCStylekit.swift */ = {isa = PBXFileReference; lastKnownFileType = sourcecode.swift; path = MyVCStylekit.swift; sourceTree = "<group>"; };
		C52513621F65CD46005E1763 /* DemoContacts.plist */ = {isa = PBXFileReference; lastKnownFileType = text.plist.xml; path = DemoContacts.plist; sourceTree = "<group>"; };
		C52513661F65CE50005E1763 /* AppModel.swift */ = {isa = PBXFileReference; lastKnownFileType = sourcecode.swift; path = AppModel.swift; sourceTree = "<group>"; };
		C52513681F65CE63005E1763 /* ContactModel.swift */ = {isa = PBXFileReference; lastKnownFileType = sourcecode.swift; path = ContactModel.swift; sourceTree = "<group>"; };
		C525136A1F65CE74005E1763 /* ContactGroupModel.swift */ = {isa = PBXFileReference; lastKnownFileType = sourcecode.swift; path = ContactGroupModel.swift; sourceTree = "<group>"; };
		C56D66721F6A08E3001F95A0 /* ContactFamilyName.swift */ = {isa = PBXFileReference; lastKnownFileType = sourcecode.swift; path = ContactFamilyName.swift; sourceTree = "<group>"; };
		C56D66741F6A0D7D001F95A0 /* ContactFullName.swift */ = {isa = PBXFileReference; lastKnownFileType = sourcecode.swift; path = ContactFullName.swift; sourceTree = "<group>"; };
		C56D66761F6A1E80001F95A0 /* ContactTableCell.swift */ = {isa = PBXFileReference; lastKnownFileType = sourcecode.swift; path = ContactTableCell.swift; sourceTree = "<group>"; };
		C56D66781F6A2963001F95A0 /* ContactTableSource.swift */ = {isa = PBXFileReference; lastKnownFileType = sourcecode.swift; path = ContactTableSource.swift; sourceTree = "<group>"; };
		C56D667A1F6A3283001F95A0 /* ContactCountDownView.swift */ = {isa = PBXFileReference; lastKnownFileType = sourcecode.swift; path = ContactCountDownView.swift; sourceTree = "<group>"; };
		C56EE7EF1F6B3FF600248B0C /* ContactCountDownProgressView.swift */ = {isa = PBXFileReference; lastKnownFileType = sourcecode.swift; path = ContactCountDownProgressView.swift; sourceTree = "<group>"; };
		C5E8A0A01F682CDE00A2E6C0 /* MDKLayerViewDesignable.swift */ = {isa = PBXFileReference; lastKnownFileType = sourcecode.swift; name = MDKLayerViewDesignable.swift; path = "MyVC Demo/MDKLayerViewDesignable.swift"; sourceTree = "<group>"; };
		C5F699781F68B4F800051048 /* ContactSummaryView.swift */ = {isa = PBXFileReference; lastKnownFileType = sourcecode.swift; path = ContactSummaryView.swift; sourceTree = "<group>"; };
		C5F6997A1F68B64D00051048 /* ContactGivenNameView.swift */ = {isa = PBXFileReference; lastKnownFileType = sourcecode.swift; path = ContactGivenNameView.swift; sourceTree = "<group>"; };
/* End PBXFileReference section */

/* Begin PBXFrameworksBuildPhase section */
		C52513221F65C705005E1763 /* Frameworks */ = {
			isa = PBXFrameworksBuildPhase;
			buildActionMask = 2147483647;
			files = (
				C525135D1F65CCDB005E1763 /* Telekinesis.framework in Frameworks */,
			);
			runOnlyForDeploymentPostprocessing = 0;
		};
		C52513381F65C705005E1763 /* Frameworks */ = {
			isa = PBXFrameworksBuildPhase;
			buildActionMask = 2147483647;
			files = (
			);
			runOnlyForDeploymentPostprocessing = 0;
		};
		C52513431F65C705005E1763 /* Frameworks */ = {
			isa = PBXFrameworksBuildPhase;
			buildActionMask = 2147483647;
			files = (
			);
			runOnlyForDeploymentPostprocessing = 0;
		};
/* End PBXFrameworksBuildPhase section */

/* Begin PBXGroup section */
		C525131C1F65C705005E1763 = {
			isa = PBXGroup;
			children = (
				C5E8A09E1F682C4800A2E6C0 /* Utility */,
				C52513271F65C705005E1763 /* MyVC Demo */,
				C525133E1F65C705005E1763 /* MyVC DemoTests */,
				C52513491F65C705005E1763 /* MyVC DemoUITests */,
				C5E8A09F1F682C6100A2E6C0 /* Frameworks */,
				C52513261F65C705005E1763 /* Products */,
			);
			sourceTree = "<group>";
		};
		C52513261F65C705005E1763 /* Products */ = {
			isa = PBXGroup;
			children = (
				C52513251F65C705005E1763 /* MyVC Demo.app */,
				C525133B1F65C705005E1763 /* MyVC DemoTests.xctest */,
				C52513461F65C705005E1763 /* MyVC DemoUITests.xctest */,
			);
			name = Products;
			sourceTree = "<group>";
		};
		C52513271F65C705005E1763 /* MyVC Demo */ = {
			isa = PBXGroup;
			children = (
				C52513651F65CDE3005E1763 /* SupportingFiles */,
				C52513581F65C727005E1763 /* Models */,
				C52513591F65C733005E1763 /* Views */,
				C525135A1F65C741005E1763 /* Controllers */,
				C52513281F65C705005E1763 /* AppDelegate.swift */,
				C525132E1F65C705005E1763 /* Main.storyboard */,
				C52513331F65C705005E1763 /* LaunchScreen.storyboard */,
				C5081C7D1F679EF700B3DDD8 /* DemoContacts.plist */,
			);
			path = "MyVC Demo";
			sourceTree = "<group>";
		};
		C525133E1F65C705005E1763 /* MyVC DemoTests */ = {
			isa = PBXGroup;
			children = (
				C525133F1F65C705005E1763 /* MyVC_DemoTests.swift */,
				C52513411F65C705005E1763 /* Info.plist */,
			);
			path = "MyVC DemoTests";
			sourceTree = "<group>";
		};
		C52513491F65C705005E1763 /* MyVC DemoUITests */ = {
			isa = PBXGroup;
			children = (
				C525134A1F65C705005E1763 /* MyVC_DemoUITests.swift */,
				C525134C1F65C705005E1763 /* Info.plist */,
			);
			path = "MyVC DemoUITests";
			sourceTree = "<group>";
		};
		C52513581F65C727005E1763 /* Models */ = {
			isa = PBXGroup;
			children = (
				C52513661F65CE50005E1763 /* AppModel.swift */,
				C52513681F65CE63005E1763 /* ContactModel.swift */,
				C525136A1F65CE74005E1763 /* ContactGroupModel.swift */,
			);
			path = Models;
			sourceTree = "<group>";
		};
		C52513591F65C733005E1763 /* Views */ = {
			isa = PBXGroup;
			children = (
				C5F699781F68B4F800051048 /* ContactSummaryView.swift */,
				C5F6997A1F68B64D00051048 /* ContactGivenNameView.swift */,
				C56D66721F6A08E3001F95A0 /* ContactFamilyName.swift */,
				C56D66741F6A0D7D001F95A0 /* ContactFullName.swift */,
				C56D66761F6A1E80001F95A0 /* ContactTableCell.swift */,
				C56D667A1F6A3283001F95A0 /* ContactCountDownView.swift */,
				C56EE7EF1F6B3FF600248B0C /* ContactCountDownProgressView.swift */,
			);
			path = Views;
			sourceTree = "<group>";
		};
		C525135A1F65C741005E1763 /* Controllers */ = {
			isa = PBXGroup;
			children = (
				C525132A1F65C705005E1763 /* MasterViewController.swift */,
				C525132C1F65C705005E1763 /* DetailViewController.swift */,
				C56D66781F6A2963001F95A0 /* ContactTableSource.swift */,
			);
			path = Controllers;
			sourceTree = "<group>";
		};
		C52513651F65CDE3005E1763 /* SupportingFiles */ = {
			isa = PBXGroup;
			children = (
				C52513361F65C705005E1763 /* Info.plist */,
				C52513311F65C705005E1763 /* Assets.xcassets */,
				C52513601F65CD2D005E1763 /* MyVCStylekit.swift */,
				C52513621F65CD46005E1763 /* DemoContacts.plist */,
			);
			name = SupportingFiles;
			sourceTree = "<group>";
		};
		C5E8A09E1F682C4800A2E6C0 /* Utility */ = {
			isa = PBXGroup;
			children = (
				C5E8A0A01F682CDE00A2E6C0 /* MDKLayerViewDesignable.swift */,
			);
			name = Utility;
			sourceTree = "<group>";
		};
		C5E8A09F1F682C6100A2E6C0 /* Frameworks */ = {
			isa = PBXGroup;
			children = (
				C525135C1F65CCDA005E1763 /* Telekinesis.framework */,
			);
			name = Frameworks;
			sourceTree = "<group>";
		};
/* End PBXGroup section */

/* Begin PBXNativeTarget section */
		C52513241F65C705005E1763 /* MyVC Demo */ = {
			isa = PBXNativeTarget;
			buildConfigurationList = C525134F1F65C705005E1763 /* Build configuration list for PBXNativeTarget "MyVC Demo" */;
			buildPhases = (
				C52513211F65C705005E1763 /* Sources */,
				C52513221F65C705005E1763 /* Frameworks */,
				C52513231F65C705005E1763 /* Resources */,
				C525135F1F65CCDB005E1763 /* Embed Frameworks */,
			);
			buildRules = (
			);
			dependencies = (
			);
			name = "MyVC Demo";
			productName = "MyVC Demo";
			productReference = C52513251F65C705005E1763 /* MyVC Demo.app */;
			productType = "com.apple.product-type.application";
		};
		C525133A1F65C705005E1763 /* MyVC DemoTests */ = {
			isa = PBXNativeTarget;
			buildConfigurationList = C52513521F65C705005E1763 /* Build configuration list for PBXNativeTarget "MyVC DemoTests" */;
			buildPhases = (
				C52513371F65C705005E1763 /* Sources */,
				C52513381F65C705005E1763 /* Frameworks */,
				C52513391F65C705005E1763 /* Resources */,
			);
			buildRules = (
			);
			dependencies = (
				C525133D1F65C705005E1763 /* PBXTargetDependency */,
			);
			name = "MyVC DemoTests";
			productName = "MyVC DemoTests";
			productReference = C525133B1F65C705005E1763 /* MyVC DemoTests.xctest */;
			productType = "com.apple.product-type.bundle.unit-test";
		};
		C52513451F65C705005E1763 /* MyVC DemoUITests */ = {
			isa = PBXNativeTarget;
			buildConfigurationList = C52513551F65C705005E1763 /* Build configuration list for PBXNativeTarget "MyVC DemoUITests" */;
			buildPhases = (
				C52513421F65C705005E1763 /* Sources */,
				C52513431F65C705005E1763 /* Frameworks */,
				C52513441F65C705005E1763 /* Resources */,
			);
			buildRules = (
			);
			dependencies = (
				C52513481F65C705005E1763 /* PBXTargetDependency */,
			);
			name = "MyVC DemoUITests";
			productName = "MyVC DemoUITests";
			productReference = C52513461F65C705005E1763 /* MyVC DemoUITests.xctest */;
			productType = "com.apple.product-type.bundle.ui-testing";
		};
/* End PBXNativeTarget section */

/* Begin PBXProject section */
		C525131D1F65C705005E1763 /* Project object */ = {
			isa = PBXProject;
			attributes = {
				LastSwiftUpdateCheck = 0900;
				LastUpgradeCheck = 0900;
				ORGANIZATIONNAME = MOEDAE;
				TargetAttributes = {
					C52513241F65C705005E1763 = {
						CreatedOnToolsVersion = 9.0;
					};
					C525133A1F65C705005E1763 = {
						CreatedOnToolsVersion = 9.0;
						TestTargetID = C52513241F65C705005E1763;
					};
					C52513451F65C705005E1763 = {
						CreatedOnToolsVersion = 9.0;
						TestTargetID = C52513241F65C705005E1763;
					};
				};
			};
			buildConfigurationList = C52513201F65C705005E1763 /* Build configuration list for PBXProject "MyVC Demo" */;
			compatibilityVersion = "Xcode 8.0";
			developmentRegion = en;
			hasScannedForEncodings = 0;
			knownRegions = (
				en,
				Base,
			);
			mainGroup = C525131C1F65C705005E1763;
			productRefGroup = C52513261F65C705005E1763 /* Products */;
			projectDirPath = "";
			projectRoot = "";
			targets = (
				C52513241F65C705005E1763 /* MyVC Demo */,
				C525133A1F65C705005E1763 /* MyVC DemoTests */,
				C52513451F65C705005E1763 /* MyVC DemoUITests */,
			);
		};
/* End PBXProject section */

/* Begin PBXResourcesBuildPhase section */
		C52513231F65C705005E1763 /* Resources */ = {
			isa = PBXResourcesBuildPhase;
			buildActionMask = 2147483647;
			files = (
				C52513351F65C705005E1763 /* LaunchScreen.storyboard in Resources */,
				C52513321F65C705005E1763 /* Assets.xcassets in Resources */,
				C52513301F65C705005E1763 /* Main.storyboard in Resources */,
				C5081C7E1F679F7800B3DDD8 /* DemoContacts.plist in Resources */,
			);
			runOnlyForDeploymentPostprocessing = 0;
		};
		C52513391F65C705005E1763 /* Resources */ = {
			isa = PBXResourcesBuildPhase;
			buildActionMask = 2147483647;
			files = (
			);
			runOnlyForDeploymentPostprocessing = 0;
		};
		C52513441F65C705005E1763 /* Resources */ = {
			isa = PBXResourcesBuildPhase;
			buildActionMask = 2147483647;
			files = (
			);
			runOnlyForDeploymentPostprocessing = 0;
		};
/* End PBXResourcesBuildPhase section */

/* Begin PBXSourcesBuildPhase section */
		C52513211F65C705005E1763 /* Sources */ = {
			isa = PBXSourcesBuildPhase;
			buildActionMask = 2147483647;
			files = (
				C5F699791F68B4F800051048 /* ContactSummaryView.swift in Sources */,
				C525136B1F65CE74005E1763 /* ContactGroupModel.swift in Sources */,
				C56EE7F01F6B3FF600248B0C /* ContactCountDownProgressView.swift in Sources */,
				C5E8A0A11F682CDE00A2E6C0 /* MDKLayerViewDesignable.swift in Sources */,
				C56D667B1F6A3283001F95A0 /* ContactCountDownView.swift in Sources */,
				C525132D1F65C705005E1763 /* DetailViewController.swift in Sources */,
				C56D66731F6A08E3001F95A0 /* ContactFamilyName.swift in Sources */,
				C52513611F65CD2E005E1763 /* MyVCStylekit.swift in Sources */,
				C56D66771F6A1E80001F95A0 /* ContactTableCell.swift in Sources */,
				C52513691F65CE63005E1763 /* ContactModel.swift in Sources */,
				C525132B1F65C705005E1763 /* MasterViewController.swift in Sources */,
				C56D66751F6A0D7D001F95A0 /* ContactFullName.swift in Sources */,
				C56D66791F6A2963001F95A0 /* ContactTableSource.swift in Sources */,
				C52513671F65CE50005E1763 /* AppModel.swift in Sources */,
				C5F6997B1F68B64D00051048 /* ContactGivenNameView.swift in Sources */,
				C52513291F65C705005E1763 /* AppDelegate.swift in Sources */,
			);
			runOnlyForDeploymentPostprocessing = 0;
		};
		C52513371F65C705005E1763 /* Sources */ = {
			isa = PBXSourcesBuildPhase;
			buildActionMask = 2147483647;
			files = (
				C52513401F65C705005E1763 /* MyVC_DemoTests.swift in Sources */,
			);
			runOnlyForDeploymentPostprocessing = 0;
		};
		C52513421F65C705005E1763 /* Sources */ = {
			isa = PBXSourcesBuildPhase;
			buildActionMask = 2147483647;
			files = (
				C525134B1F65C705005E1763 /* MyVC_DemoUITests.swift in Sources */,
			);
			runOnlyForDeploymentPostprocessing = 0;
		};
/* End PBXSourcesBuildPhase section */

/* Begin PBXTargetDependency section */
		C525133D1F65C705005E1763 /* PBXTargetDependency */ = {
			isa = PBXTargetDependency;
			target = C52513241F65C705005E1763 /* MyVC Demo */;
			targetProxy = C525133C1F65C705005E1763 /* PBXContainerItemProxy */;
		};
		C52513481F65C705005E1763 /* PBXTargetDependency */ = {
			isa = PBXTargetDependency;
			target = C52513241F65C705005E1763 /* MyVC Demo */;
			targetProxy = C52513471F65C705005E1763 /* PBXContainerItemProxy */;
		};
/* End PBXTargetDependency section */

/* Begin PBXVariantGroup section */
		C525132E1F65C705005E1763 /* Main.storyboard */ = {
			isa = PBXVariantGroup;
			children = (
				C525132F1F65C705005E1763 /* Base */,
			);
			name = Main.storyboard;
			sourceTree = "<group>";
		};
		C52513331F65C705005E1763 /* LaunchScreen.storyboard */ = {
			isa = PBXVariantGroup;
			children = (
				C52513341F65C705005E1763 /* Base */,
			);
			name = LaunchScreen.storyboard;
			sourceTree = "<group>";
		};
/* End PBXVariantGroup section */

/* Begin XCBuildConfiguration section */
		C525134D1F65C705005E1763 /* Debug */ = {
			isa = XCBuildConfiguration;
			buildSettings = {
				ALWAYS_SEARCH_USER_PATHS = NO;
				CLANG_ANALYZER_NONNULL = YES;
				CLANG_ANALYZER_NUMBER_OBJECT_CONVERSION = YES_AGGRESSIVE;
				CLANG_CXX_LANGUAGE_STANDARD = "gnu++14";
				CLANG_CXX_LIBRARY = "libc++";
				CLANG_ENABLE_MODULES = YES;
				CLANG_ENABLE_OBJC_ARC = YES;
				CLANG_WARN_BLOCK_CAPTURE_AUTORELEASING = YES;
				CLANG_WARN_BOOL_CONVERSION = YES;
				CLANG_WARN_COMMA = YES;
				CLANG_WARN_CONSTANT_CONVERSION = YES;
				CLANG_WARN_DIRECT_OBJC_ISA_USAGE = YES_ERROR;
				CLANG_WARN_DOCUMENTATION_COMMENTS = YES;
				CLANG_WARN_EMPTY_BODY = YES;
				CLANG_WARN_ENUM_CONVERSION = YES;
				CLANG_WARN_INFINITE_RECURSION = YES;
				CLANG_WARN_INT_CONVERSION = YES;
				CLANG_WARN_NON_LITERAL_NULL_CONVERSION = YES;
				CLANG_WARN_OBJC_LITERAL_CONVERSION = YES;
				CLANG_WARN_OBJC_ROOT_CLASS = YES_ERROR;
				CLANG_WARN_RANGE_LOOP_ANALYSIS = YES;
				CLANG_WARN_STRICT_PROTOTYPES = YES;
				CLANG_WARN_SUSPICIOUS_MOVE = YES;
				CLANG_WARN_UNGUARDED_AVAILABILITY = YES_AGGRESSIVE;
				CLANG_WARN_UNREACHABLE_CODE = YES;
				CLANG_WARN__DUPLICATE_METHOD_MATCH = YES;
				CODE_SIGN_IDENTITY = "iPhone Developer";
				COPY_PHASE_STRIP = NO;
				DEBUG_INFORMATION_FORMAT = dwarf;
				ENABLE_STRICT_OBJC_MSGSEND = YES;
				ENABLE_TESTABILITY = YES;
				GCC_C_LANGUAGE_STANDARD = gnu11;
				GCC_DYNAMIC_NO_PIC = NO;
				GCC_NO_COMMON_BLOCKS = YES;
				GCC_OPTIMIZATION_LEVEL = 0;
				GCC_PREPROCESSOR_DEFINITIONS = (
					"DEBUG=1",
					"$(inherited)",
				);
				GCC_WARN_64_TO_32_BIT_CONVERSION = YES;
				GCC_WARN_ABOUT_RETURN_TYPE = YES_ERROR;
				GCC_WARN_UNDECLARED_SELECTOR = YES;
				GCC_WARN_UNINITIALIZED_AUTOS = YES_AGGRESSIVE;
				GCC_WARN_UNUSED_FUNCTION = YES;
				GCC_WARN_UNUSED_VARIABLE = YES;
				IPHONEOS_DEPLOYMENT_TARGET = 11.0;
				MTL_ENABLE_DEBUG_INFO = YES;
				ONLY_ACTIVE_ARCH = YES;
				SDKROOT = iphoneos;
				SWIFT_ACTIVE_COMPILATION_CONDITIONS = DEBUG;
				SWIFT_OPTIMIZATION_LEVEL = "-Onone";
			};
			name = Debug;
		};
		C525134E1F65C705005E1763 /* Release */ = {
			isa = XCBuildConfiguration;
			buildSettings = {
				ALWAYS_SEARCH_USER_PATHS = NO;
				CLANG_ANALYZER_NONNULL = YES;
				CLANG_ANALYZER_NUMBER_OBJECT_CONVERSION = YES_AGGRESSIVE;
				CLANG_CXX_LANGUAGE_STANDARD = "gnu++14";
				CLANG_CXX_LIBRARY = "libc++";
				CLANG_ENABLE_MODULES = YES;
				CLANG_ENABLE_OBJC_ARC = YES;
				CLANG_WARN_BLOCK_CAPTURE_AUTORELEASING = YES;
				CLANG_WARN_BOOL_CONVERSION = YES;
				CLANG_WARN_COMMA = YES;
				CLANG_WARN_CONSTANT_CONVERSION = YES;
				CLANG_WARN_DIRECT_OBJC_ISA_USAGE = YES_ERROR;
				CLANG_WARN_DOCUMENTATION_COMMENTS = YES;
				CLANG_WARN_EMPTY_BODY = YES;
				CLANG_WARN_ENUM_CONVERSION = YES;
				CLANG_WARN_INFINITE_RECURSION = YES;
				CLANG_WARN_INT_CONVERSION = YES;
				CLANG_WARN_NON_LITERAL_NULL_CONVERSION = YES;
				CLANG_WARN_OBJC_LITERAL_CONVERSION = YES;
				CLANG_WARN_OBJC_ROOT_CLASS = YES_ERROR;
				CLANG_WARN_RANGE_LOOP_ANALYSIS = YES;
				CLANG_WARN_STRICT_PROTOTYPES = YES;
				CLANG_WARN_SUSPICIOUS_MOVE = YES;
				CLANG_WARN_UNGUARDED_AVAILABILITY = YES_AGGRESSIVE;
				CLANG_WARN_UNREACHABLE_CODE = YES;
				CLANG_WARN__DUPLICATE_METHOD_MATCH = YES;
				CODE_SIGN_IDENTITY = "iPhone Developer";
				COPY_PHASE_STRIP = NO;
				DEBUG_INFORMATION_FORMAT = "dwarf-with-dsym";
				ENABLE_NS_ASSERTIONS = NO;
				ENABLE_STRICT_OBJC_MSGSEND = YES;
				GCC_C_LANGUAGE_STANDARD = gnu11;
				GCC_NO_COMMON_BLOCKS = YES;
				GCC_WARN_64_TO_32_BIT_CONVERSION = YES;
				GCC_WARN_ABOUT_RETURN_TYPE = YES_ERROR;
				GCC_WARN_UNDECLARED_SELECTOR = YES;
				GCC_WARN_UNINITIALIZED_AUTOS = YES_AGGRESSIVE;
				GCC_WARN_UNUSED_FUNCTION = YES;
				GCC_WARN_UNUSED_VARIABLE = YES;
				IPHONEOS_DEPLOYMENT_TARGET = 11.0;
				MTL_ENABLE_DEBUG_INFO = NO;
				SDKROOT = iphoneos;
				SWIFT_OPTIMIZATION_LEVEL = "-Owholemodule";
				VALIDATE_PRODUCT = YES;
			};
			name = Release;
		};
		C52513501F65C705005E1763 /* Debug */ = {
			isa = XCBuildConfiguration;
			buildSettings = {
				ASSETCATALOG_COMPILER_APPICON_NAME = AppIcon;
				DEVELOPMENT_TEAM = 6569EWWSLR;
				FRAMEWORK_SEARCH_PATHS = (
					"$(inherited)",
					"$(PROJECT_DIR)",
				);
				INFOPLIST_FILE = "MyVC Demo/Info.plist";
				LD_RUNPATH_SEARCH_PATHS = "$(inherited) @executable_path/Frameworks";
				PRODUCT_BUNDLE_IDENTIFIER = "com.moedae.samples.MyVC-Demo";
				PRODUCT_NAME = "$(TARGET_NAME)";
				SWIFT_VERSION = 4.0;
				TARGETED_DEVICE_FAMILY = "1,2";
			};
			name = Debug;
		};
		C52513511F65C705005E1763 /* Release */ = {
			isa = XCBuildConfiguration;
			buildSettings = {
				ASSETCATALOG_COMPILER_APPICON_NAME = AppIcon;
				DEVELOPMENT_TEAM = 6569EWWSLR;
				FRAMEWORK_SEARCH_PATHS = (
					"$(inherited)",
					"$(PROJECT_DIR)",
				);
				INFOPLIST_FILE = "MyVC Demo/Info.plist";
				LD_RUNPATH_SEARCH_PATHS = "$(inherited) @executable_path/Frameworks";
				PRODUCT_BUNDLE_IDENTIFIER = "com.moedae.samples.MyVC-Demo";
				PRODUCT_NAME = "$(TARGET_NAME)";
				SWIFT_VERSION = 4.0;
				TARGETED_DEVICE_FAMILY = "1,2";
			};
			name = Release;
		};
		C52513531F65C705005E1763 /* Debug */ = {
			isa = XCBuildConfiguration;
			buildSettings = {
				ALWAYS_EMBED_SWIFT_STANDARD_LIBRARIES = YES;
				BUNDLE_LOADER = "$(TEST_HOST)";
				DEVELOPMENT_TEAM = 6569EWWSLR;
				INFOPLIST_FILE = "MyVC DemoTests/Info.plist";
				LD_RUNPATH_SEARCH_PATHS = "$(inherited) @executable_path/Frameworks @loader_path/Frameworks";
				PRODUCT_BUNDLE_IDENTIFIER = "com.moedae.samples.MyVC-DemoTests";
				PRODUCT_NAME = "$(TARGET_NAME)";
				SWIFT_VERSION = 4.0;
				TARGETED_DEVICE_FAMILY = "1,2";
				TEST_HOST = "$(BUILT_PRODUCTS_DIR)/MyVC Demo.app/MyVC Demo";
			};
			name = Debug;
		};
		C52513541F65C705005E1763 /* Release */ = {
			isa = XCBuildConfiguration;
			buildSettings = {
				ALWAYS_EMBED_SWIFT_STANDARD_LIBRARIES = YES;
				BUNDLE_LOADER = "$(TEST_HOST)";
				DEVELOPMENT_TEAM = 6569EWWSLR;
				INFOPLIST_FILE = "MyVC DemoTests/Info.plist";
				LD_RUNPATH_SEARCH_PATHS = "$(inherited) @executable_path/Frameworks @loader_path/Frameworks";
				PRODUCT_BUNDLE_IDENTIFIER = "com.moedae.samples.MyVC-DemoTests";
				PRODUCT_NAME = "$(TARGET_NAME)";
				SWIFT_VERSION = 4.0;
				TARGETED_DEVICE_FAMILY = "1,2";
				TEST_HOST = "$(BUILT_PRODUCTS_DIR)/MyVC Demo.app/MyVC Demo";
			};
			name = Release;
		};
		C52513561F65C705005E1763 /* Debug */ = {
			isa = XCBuildConfiguration;
			buildSettings = {
				ALWAYS_EMBED_SWIFT_STANDARD_LIBRARIES = YES;
				DEVELOPMENT_TEAM = 6569EWWSLR;
				INFOPLIST_FILE = "MyVC DemoUITests/Info.plist";
				LD_RUNPATH_SEARCH_PATHS = "$(inherited) @executable_path/Frameworks @loader_path/Frameworks";
				PRODUCT_BUNDLE_IDENTIFIER = "com.moedae.samples.MyVC-DemoUITests";
				PRODUCT_NAME = "$(TARGET_NAME)";
				SWIFT_VERSION = 4.0;
				TARGETED_DEVICE_FAMILY = "1,2";
				TEST_TARGET_NAME = "MyVC Demo";
			};
			name = Debug;
		};
		C52513571F65C705005E1763 /* Release */ = {
			isa = XCBuildConfiguration;
			buildSettings = {
				ALWAYS_EMBED_SWIFT_STANDARD_LIBRARIES = YES;
				DEVELOPMENT_TEAM = 6569EWWSLR;
				INFOPLIST_FILE = "MyVC DemoUITests/Info.plist";
				LD_RUNPATH_SEARCH_PATHS = "$(inherited) @executable_path/Frameworks @loader_path/Frameworks";
				PRODUCT_BUNDLE_IDENTIFIER = "com.moedae.samples.MyVC-DemoUITests";
				PRODUCT_NAME = "$(TARGET_NAME)";
				SWIFT_VERSION = 4.0;
				TARGETED_DEVICE_FAMILY = "1,2";
				TEST_TARGET_NAME = "MyVC Demo";
			};
			name = Release;
		};
/* End XCBuildConfiguration section */

/* Begin XCConfigurationList section */
		C52513201F65C705005E1763 /* Build configuration list for PBXProject "MyVC Demo" */ = {
			isa = XCConfigurationList;
			buildConfigurations = (
				C525134D1F65C705005E1763 /* Debug */,
				C525134E1F65C705005E1763 /* Release */,
			);
			defaultConfigurationIsVisible = 0;
			defaultConfigurationName = Release;
		};
		C525134F1F65C705005E1763 /* Build configuration list for PBXNativeTarget "MyVC Demo" */ = {
			isa = XCConfigurationList;
			buildConfigurations = (
				C52513501F65C705005E1763 /* Debug */,
				C52513511F65C705005E1763 /* Release */,
			);
			defaultConfigurationIsVisible = 0;
			defaultConfigurationName = Release;
		};
		C52513521F65C705005E1763 /* Build configuration list for PBXNativeTarget "MyVC DemoTests" */ = {
			isa = XCConfigurationList;
			buildConfigurations = (
				C52513531F65C705005E1763 /* Debug */,
				C52513541F65C705005E1763 /* Release */,
			);
			defaultConfigurationIsVisible = 0;
			defaultConfigurationName = Release;
		};
		C52513551F65C705005E1763 /* Build configuration list for PBXNativeTarget "MyVC DemoUITests" */ = {
			isa = XCConfigurationList;
			buildConfigurations = (
				C52513561F65C705005E1763 /* Debug */,
				C52513571F65C705005E1763 /* Release */,
			);
			defaultConfigurationIsVisible = 0;
			defaultConfigurationName = Release;
		};
/* End XCConfigurationList section */
	};
	rootObject = C525131D1F65C705005E1763 /* Project object */;
}
